
Microsoft Visual Studio Solution File, Format Version 12.00
# Visual Studio Version 17
VisualStudioVersion = 17.0.31903.59
MinimumVisualStudioVersion = 10.0.40219.1
Project("{2150E333-8FDC-42A3-9474-1A3956D46DE8}") = "src", "src", "{827E0CD3-B72D-47B6-A68D-7590B98EB39B}"
EndProject
Project("{FAE04EC0-301F-11D3-BF4B-00C04F79EFBC}") = "AutoMapperAnalyzer.Analyzers", "src\AutoMapperAnalyzer.Analyzers\AutoMapperAnalyzer.Analyzers.csproj", "{167416A1-08E1-407F-8A7D-8C83FCD75A3A}"
EndProject
Project("{FAE04EC0-301F-11D3-BF4B-00C04F79EFBC}") = "AutoMapperAnalyzer.CodeFixes", "src\AutoMapperAnalyzer.CodeFixes\AutoMapperAnalyzer.CodeFixes.csproj", "{0BD35664-BCA4-4F00-8CC6-F4999F03451B}"
EndProject
Project("{FAE04EC0-301F-11D3-BF4B-00C04F79EFBC}") = "AutoMapperAnalyzer.Tests", "tests\AutoMapperAnalyzer.Tests\AutoMapperAnalyzer.Tests.csproj", "{FA5DDEE5-6041-4B1C-933A-CA3CB640C4C8}"
EndProject
Project("{FAE04EC0-301F-11D3-BF4B-00C04F79EFBC}") = "AutoMapperAnalyzer.Samples", "samples\AutoMapperAnalyzer.Samples\AutoMapperAnalyzer.Samples.csproj", "{F42216BD-C15C-41F4-B0F0-F477121A1C1E}"
EndProject
Project("{2150E333-8FDC-42A3-9474-1A3956D46DE8}") = "tests", "tests", "{072E37BE-1DC8-4DD8-B2D6-E162AB4EE8CF}"
EndProject
Project("{2150E333-8FDC-42A3-9474-1A3956D46DE8}") = "docs", "docs", "{7356C872-043D-4DE6-B554-8C9D2E9F5041}"
	ProjectSection(SolutionItems) = preProject
		PROJECT_PLAN.md = PROJECT_PLAN.md
		SPRINT_TRACKING.md = SPRINT_TRACKING.md
		README.md = README.md
	EndProjectSection
EndProject
Project("{2150E333-8FDC-42A3-9474-1A3956D46DE8}") = ".github", ".github", "{88F70CA0-BC51-46E8-8A0E-4EE256EE6694}"
	ProjectSection(SolutionItems) = preProject
		.github\workflows\codeql.yml = .github\workflows\codeql.yml
		.github\workflows\ci.yml = .github\workflows\ci.yml
		.github\dependabot.yml = .github\dependabot.yml
	EndProjectSection
EndProject
Project("{2150E333-8FDC-42A3-9474-1A3956D46DE8}") = "test-install", "test-install", "{23A55E3B-99B5-E2A8-F4B6-3FEC0D7B1D6A}"
EndProject
Project("{FAE04EC0-301F-11D3-BF4B-00C04F79EFBC}") = "NetFrameworkTest", "test-install\NetFrameworkTest\NetFrameworkTest.csproj", "{0BFAC8F8-F775-409F-9B5D-E67C9901F47F}"
EndProject
Project("{FAE04EC0-301F-11D3-BF4B-00C04F79EFBC}") = "NetCoreTest", "test-install\NetCoreTest\NetCoreTest.csproj", "{44289900-DD90-4378-BE13-B28515A3D5DF}"
EndProject
Global
	GlobalSection(SolutionConfigurationPlatforms) = preSolution
		Debug|Any CPU = Debug|Any CPU
		Debug|x64 = Debug|x64
		Debug|x86 = Debug|x86
		Release|Any CPU = Release|Any CPU
		Release|x64 = Release|x64
		Release|x86 = Release|x86
	EndGlobalSection
	GlobalSection(ProjectConfigurationPlatforms) = postSolution
		{167416A1-08E1-407F-8A7D-8C83FCD75A3A}.Debug|Any CPU.ActiveCfg = Debug|Any CPU
		{167416A1-08E1-407F-8A7D-8C83FCD75A3A}.Debug|Any CPU.Build.0 = Debug|Any CPU
		{167416A1-08E1-407F-8A7D-8C83FCD75A3A}.Debug|x64.ActiveCfg = Debug|Any CPU
		{167416A1-08E1-407F-8A7D-8C83FCD75A3A}.Debug|x64.Build.0 = Debug|Any CPU
		{167416A1-08E1-407F-8A7D-8C83FCD75A3A}.Debug|x86.ActiveCfg = Debug|Any CPU
		{167416A1-08E1-407F-8A7D-8C83FCD75A3A}.Debug|x86.Build.0 = Debug|Any CPU
		{167416A1-08E1-407F-8A7D-8C83FCD75A3A}.Release|Any CPU.ActiveCfg = Release|Any CPU
		{167416A1-08E1-407F-8A7D-8C83FCD75A3A}.Release|Any CPU.Build.0 = Release|Any CPU
		{167416A1-08E1-407F-8A7D-8C83FCD75A3A}.Release|x64.ActiveCfg = Release|Any CPU
		{167416A1-08E1-407F-8A7D-8C83FCD75A3A}.Release|x64.Build.0 = Release|Any CPU
		{167416A1-08E1-407F-8A7D-8C83FCD75A3A}.Release|x86.ActiveCfg = Release|Any CPU
		{167416A1-08E1-407F-8A7D-8C83FCD75A3A}.Release|x86.Build.0 = Release|Any CPU
		{0BD35664-BCA4-4F00-8CC6-F4999F03451B}.Debug|Any CPU.ActiveCfg = Debug|Any CPU
		{0BD35664-BCA4-4F00-8CC6-F4999F03451B}.Debug|Any CPU.Build.0 = Debug|Any CPU
		{0BD35664-BCA4-4F00-8CC6-F4999F03451B}.Debug|x64.ActiveCfg = Debug|Any CPU
		{0BD35664-BCA4-4F00-8CC6-F4999F03451B}.Debug|x64.Build.0 = Debug|Any CPU
		{0BD35664-BCA4-4F00-8CC6-F4999F03451B}.Debug|x86.ActiveCfg = Debug|Any CPU
		{0BD35664-BCA4-4F00-8CC6-F4999F03451B}.Debug|x86.Build.0 = Debug|Any CPU
		{0BD35664-BCA4-4F00-8CC6-F4999F03451B}.Release|Any CPU.ActiveCfg = Release|Any CPU
		{0BD35664-BCA4-4F00-8CC6-F4999F03451B}.Release|Any CPU.Build.0 = Release|Any CPU
		{0BD35664-BCA4-4F00-8CC6-F4999F03451B}.Release|x64.ActiveCfg = Release|Any CPU
		{0BD35664-BCA4-4F00-8CC6-F4999F03451B}.Release|x64.Build.0 = Release|Any CPU
		{0BD35664-BCA4-4F00-8CC6-F4999F03451B}.Release|x86.ActiveCfg = Release|Any CPU
		{0BD35664-BCA4-4F00-8CC6-F4999F03451B}.Release|x86.Build.0 = Release|Any CPU
		{FA5DDEE5-6041-4B1C-933A-CA3CB640C4C8}.Debug|Any CPU.ActiveCfg = Debug|Any CPU
		{FA5DDEE5-6041-4B1C-933A-CA3CB640C4C8}.Debug|Any CPU.Build.0 = Debug|Any CPU
		{FA5DDEE5-6041-4B1C-933A-CA3CB640C4C8}.Debug|x64.ActiveCfg = Debug|Any CPU
		{FA5DDEE5-6041-4B1C-933A-CA3CB640C4C8}.Debug|x64.Build.0 = Debug|Any CPU
		{FA5DDEE5-6041-4B1C-933A-CA3CB640C4C8}.Debug|x86.ActiveCfg = Debug|Any CPU
		{FA5DDEE5-6041-4B1C-933A-CA3CB640C4C8}.Debug|x86.Build.0 = Debug|Any CPU
		{FA5DDEE5-6041-4B1C-933A-CA3CB640C4C8}.Release|Any CPU.ActiveCfg = Release|Any CPU
		{FA5DDEE5-6041-4B1C-933A-CA3CB640C4C8}.Release|Any CPU.Build.0 = Release|Any CPU
		{FA5DDEE5-6041-4B1C-933A-CA3CB640C4C8}.Release|x64.ActiveCfg = Release|Any CPU
		{FA5DDEE5-6041-4B1C-933A-CA3CB640C4C8}.Release|x64.Build.0 = Release|Any CPU
		{FA5DDEE5-6041-4B1C-933A-CA3CB640C4C8}.Release|x86.ActiveCfg = Release|Any CPU
		{FA5DDEE5-6041-4B1C-933A-CA3CB640C4C8}.Release|x86.Build.0 = Release|Any CPU
		{F42216BD-C15C-41F4-B0F0-F477121A1C1E}.Debug|Any CPU.ActiveCfg = Debug|Any CPU
		{F42216BD-C15C-41F4-B0F0-F477121A1C1E}.Debug|Any CPU.Build.0 = Debug|Any CPU
		{F42216BD-C15C-41F4-B0F0-F477121A1C1E}.Debug|x64.ActiveCfg = Debug|Any CPU
		{F42216BD-C15C-41F4-B0F0-F477121A1C1E}.Debug|x64.Build.0 = Debug|Any CPU
		{F42216BD-C15C-41F4-B0F0-F477121A1C1E}.Debug|x86.ActiveCfg = Debug|Any CPU
		{F42216BD-C15C-41F4-B0F0-F477121A1C1E}.Debug|x86.Build.0 = Debug|Any CPU
		{F42216BD-C15C-41F4-B0F0-F477121A1C1E}.Release|Any CPU.ActiveCfg = Release|Any CPU
		{F42216BD-C15C-41F4-B0F0-F477121A1C1E}.Release|Any CPU.Build.0 = Release|Any CPU
		{F42216BD-C15C-41F4-B0F0-F477121A1C1E}.Release|x64.ActiveCfg = Release|Any CPU
		{F42216BD-C15C-41F4-B0F0-F477121A1C1E}.Release|x64.Build.0 = Release|Any CPU
		{F42216BD-C15C-41F4-B0F0-F477121A1C1E}.Release|x86.ActiveCfg = Release|Any CPU
		{F42216BD-C15C-41F4-B0F0-F477121A1C1E}.Release|x86.Build.0 = Release|Any CPU
		{0BFAC8F8-F775-409F-9B5D-E67C9901F47F}.Debug|Any CPU.ActiveCfg = Debug|Any CPU
		{0BFAC8F8-F775-409F-9B5D-E67C9901F47F}.Debug|Any CPU.Build.0 = Debug|Any CPU
		{0BFAC8F8-F775-409F-9B5D-E67C9901F47F}.Debug|x64.ActiveCfg = Debug|Any CPU
		{0BFAC8F8-F775-409F-9B5D-E67C9901F47F}.Debug|x64.Build.0 = Debug|Any CPU
		{0BFAC8F8-F775-409F-9B5D-E67C9901F47F}.Debug|x86.ActiveCfg = Debug|Any CPU
		{0BFAC8F8-F775-409F-9B5D-E67C9901F47F}.Debug|x86.Build.0 = Debug|Any CPU
		{0BFAC8F8-F775-409F-9B5D-E67C9901F47F}.Release|Any CPU.ActiveCfg = Release|Any CPU
		{0BFAC8F8-F775-409F-9B5D-E67C9901F47F}.Release|Any CPU.Build.0 = Release|Any CPU
		{0BFAC8F8-F775-409F-9B5D-E67C9901F47F}.Release|x64.ActiveCfg = Release|Any CPU
		{0BFAC8F8-F775-409F-9B5D-E67C9901F47F}.Release|x64.Build.0 = Release|Any CPU
		{0BFAC8F8-F775-409F-9B5D-E67C9901F47F}.Release|x86.ActiveCfg = Release|Any CPU
		{0BFAC8F8-F775-409F-9B5D-E67C9901F47F}.Release|x86.Build.0 = Release|Any CPU
		{44289900-DD90-4378-BE13-B28515A3D5DF}.Debug|Any CPU.ActiveCfg = Debug|Any CPU
		{44289900-DD90-4378-BE13-B28515A3D5DF}.Debug|Any CPU.Build.0 = Debug|Any CPU
		{44289900-DD90-4378-BE13-B28515A3D5DF}.Debug|x64.ActiveCfg = Debug|Any CPU
		{44289900-DD90-4378-BE13-B28515A3D5DF}.Debug|x64.Build.0 = Debug|Any CPU
		{44289900-DD90-4378-BE13-B28515A3D5DF}.Debug|x86.ActiveCfg = Debug|Any CPU
		{44289900-DD90-4378-BE13-B28515A3D5DF}.Debug|x86.Build.0 = Debug|Any CPU
		{44289900-DD90-4378-BE13-B28515A3D5DF}.Release|Any CPU.ActiveCfg = Release|Any CPU
		{44289900-DD90-4378-BE13-B28515A3D5DF}.Release|Any CPU.Build.0 = Release|Any CPU
		{44289900-DD90-4378-BE13-B28515A3D5DF}.Release|x64.ActiveCfg = Release|Any CPU
		{44289900-DD90-4378-BE13-B28515A3D5DF}.Release|x64.Build.0 = Release|Any CPU
		{44289900-DD90-4378-BE13-B28515A3D5DF}.Release|x86.ActiveCfg = Release|Any CPU
		{44289900-DD90-4378-BE13-B28515A3D5DF}.Release|x86.Build.0 = Release|Any CPU
	EndGlobalSection
	GlobalSection(SolutionProperties) = preSolution
		HideSolutionNode = FALSE
	EndGlobalSection
	GlobalSection(NestedProjects) = preSolution
		{167416A1-08E1-407F-8A7D-8C83FCD75A3A} = {827E0CD3-B72D-47B6-A68D-7590B98EB39B}
		{0BD35664-BCA4-4F00-8CC6-F4999F03451B} = {827E0CD3-B72D-47B6-A68D-7590B98EB39B}
		{FA5DDEE5-6041-4B1C-933A-CA3CB640C4C8} = {072E37BE-1DC8-4DD8-B2D6-E162AB4EE8CF}
		{F42216BD-C15C-41F4-B0F0-F477121A1C1E} = {827E0CD3-B72D-47B6-A68D-7590B98EB39B}
		{0BFAC8F8-F775-409F-9B5D-E67C9901F47F} = {23A55E3B-99B5-E2A8-F4B6-3FEC0D7B1D6A}
		{44289900-DD90-4378-BE13-B28515A3D5DF} = {23A55E3B-99B5-E2A8-F4B6-3FEC0D7B1D6A}
	EndGlobalSection
EndGlobal
